hash: 7d2843ab50ab8b586bb7ed65170e092f42c08ace0fae106aaff36bffe80973d2
updated: 2017-02-18T08:36:58.86941766+02:00
imports:
- name: github.com/amir/raidman
  version: c74861fe6a7bb8ede0a010ce4485bdbb4fc4c985
  subpackages:
  - proto
- name: github.com/asaskevich/govalidator
  version: fdf19785fd3558d619ef81212f5edf1d6c2a5911
- name: github.com/Azure/go-ansiterm
  version: fa152c58bc15761d0200cb75fe958b89a9d4888e
  subpackages:
  - winterm
- name: github.com/boltdb/bolt
  version: e9cf4fae01b5a8ff89d0ec6b32f0d9c9f79aefdd
- name: github.com/cactus/go-statsd-client
  version: 91c326c3f7bd20f0226d3d1c289dd9f8ce28d33d
  subpackages:
  - statsd
- name: github.com/ccirello/supervisor
  version: 341cd52503c550c397196693601273cc290cf1b4
- name: github.com/docker/distribution
  version: 99cb7c0946d2f5a38015443e515dc916295064d7
  subpackages:
  - context
  - digest
  - manifest
  - manifest/schema1
  - manifest/schema2
  - reference
  - uuid
- name: github.com/docker/docker
  version: fddb5a7f2ab29be441bc797f7e79fffc5cc531d3
  subpackages:
  - api/types
  - api/types/blkiodev
  - api/types/container
  - api/types/filters
  - api/types/mount
  - api/types/network
  - api/types/registry
  - api/types/strslice
  - api/types/swarm
  - api/types/versions
  - opts
  - pkg/archive
  - pkg/fileutils
  - pkg/homedir
  - pkg/idtools
  - pkg/ioutils
  - pkg/jsonlog
  - pkg/jsonmessage
  - pkg/longpath
  - pkg/pools
  - pkg/promise
  - pkg/stdcopy
  - pkg/system
  - pkg/term
  - pkg/term/windows
- name: github.com/docker/go-connections
  version: 7da10c8c50cad14494ec818dcdfb6506265c0086
  subpackages:
  - nat
- name: github.com/docker/go-units
  version: 9b001659dd36225e356b4467c465d732e745f53d
- name: github.com/docker/libtrust
  version: fa567046d9b14f6aa788882a950d69651d230b21
- name: github.com/fsnotify/fsnotify
  version: a904159b9206978bb6d53fcc7a769e5cd726c737
- name: github.com/fsouza/go-dockerclient
  version: 3b9b11873c06d9c8d32c51fb2f51a4c3f52fe4a6
- name: github.com/garyburd/redigo
  version: 0d253a66e6e1349f4581d6d2b300ee434ee2da9f
  subpackages:
  - internal
  - redis
- name: github.com/gin-gonic/gin
  version: e2212d40c62a98b388a5eb48ecbdcf88534688ba
  subpackages:
  - binding
  - render
- name: github.com/go-openapi/analysis
  version: d5a75b7d751ca3f11ad5d93cfe97405f2c3f6a47
- name: github.com/go-openapi/errors
  version: fc3f73a224499b047eda7191e5d22e1e9631e86f
- name: github.com/go-openapi/jsonpointer
  version: 779f45308c19820f1a69e9a4cd965f496e0da10f
- name: github.com/go-openapi/jsonreference
  version: 36d33bfe519efae5632669801b180bf1a245da3b
- name: github.com/go-openapi/loads
  version: 6bb6486231e079ea125c0f39994ed3d0c53399ed
  subpackages:
  - fmts
- name: github.com/go-openapi/runtime
  version: 76cda4f2f90d26d9b4fa56447e6c85cd7b60a371
- name: github.com/go-openapi/spec
  version: 02fb9cd3430ed0581e0ceb4804d5d4b3cc702694
- name: github.com/go-openapi/strfmt
  version: bf5b18a89572c3ae2474b537f0c3d92bc78ababa
- name: github.com/go-openapi/swag
  version: d5f8ebc3b1c55a4cf6489eeae7354f338cfe299e
- name: github.com/go-openapi/validate
  version: 035dcd74f1f61e83debe1c22950dc53556e7e4b2
- name: github.com/golang/protobuf
  version: 2402d76f3d41f928c7902a765dfc872356dd3aad
  subpackages:
  - proto
- name: github.com/google/btree
  version: 316fb6d3f031ae8f4d457c6c5186b9e3ded70435
- name: github.com/gorilla/context
  version: 14f550f51af52180c2eefed15e5fd18d63c0a64a
- name: github.com/gorilla/mux
  version: e444e69cbd2e2e3e0749a2f3c717cec491552bbf
- name: github.com/hashicorp/go-cleanhttp
  version: 3573b8b52aa7b37b9358d966a898feb387f62437
- name: github.com/hashicorp/hcl
  version: 630949a3c5fa3c613328e1b8256052cbc2327c9b
  subpackages:
  - hcl/ast
  - hcl/parser
  - hcl/scanner
  - hcl/strconv
  - hcl/token
  - json/parser
  - json/scanner
  - json/token
- name: github.com/heroku/docker-registry-client
  version: 95467b6cacee2a06f112a3cf7e47a70fad6000cf
  subpackages:
  - registry
- name: github.com/iron-io/functions
  version: 2890b909b1cbf36da29a331a4daeddc6439ad4db
  subpackages:
  - api
  - api/datastore
  - api/datastore/bolt
  - api/datastore/postgres
  - api/models
  - api/mqs
  - api/runner
  - api/runner/protocol
  - api/runner/task
  - api/server
  - api/server/internal/routecache
- name: github.com/iron-io/iron_go3
  version: b50ecf8ff90187fc5fabccd9d028dd461adce4ee
  subpackages:
  - api
  - config
  - mq
- name: github.com/iron-io/runner
  version: 4c6f096b560af458547d3990846eb6a9f019a4b9
  subpackages:
  - common
  - common/stats
  - drivers
  - drivers/docker
  - drivers/mock
- name: github.com/lib/pq
  version: ba5d4f7a35561e22fbdf7a39aa0070f4d460cfc0
  subpackages:
  - oid
- name: github.com/magiconair/properties
  version: b3b15ef068fd0b17ddf408a23669f20811d194d2
- name: github.com/mailru/easyjson
  version: 7a67b2a71355cf13a4569dc220e1dc50b404d2a2
  subpackages:
  - buffer
  - jlexer
  - jwriter
- name: github.com/manucorporat/sse
  version: ee05b128a739a0fb76c7ebd3ae4810c1de808d6d
- name: github.com/mattn/go-isatty
  version: dda3de49cbfcec471bd7a70e6cc01fcc3ff90109
- name: github.com/Microsoft/go-winio
  version: fff283ad5116362ca252298cfc9b95828956d85d
- name: github.com/mitchellh/mapstructure
  version: 482a9fd5fa83e8c4e7817413b80f3eb8feec03ef
- name: github.com/opencontainers/runc
  version: 6b1d0e76f239ffb435445e5ae316d2676c07c6e3
  subpackages:
  - libcontainer/system
  - libcontainer/user
- name: github.com/pelletier/go-buffruneio
  version: df1e16fde7fc330a0ca68167c23bf7ed6ac31d6d
- name: github.com/pelletier/go-toml
  version: 22139eb5469018e7374b3e7ef653de37ffb44f72
- name: github.com/pivotal-golang/bytefmt
  version: 4ca94c81cb8f51302e44e42f9e8be9503cba8d70
- name: github.com/PuerkitoBio/purell
  version: 0bcb03f4b4d0a9428594752bd2a3b9aa0a9d4bd4
- name: github.com/PuerkitoBio/urlesc
  version: 5bd2802263f21d8788851d5305584c82a5c75d7e
- name: github.com/satori/go.uuid
  version: 879c5887cd475cd7864858769793b2ceb0d44feb
- name: github.com/Sirupsen/logrus
  version: c078b1e43f58d563c74cebe63c85789e76ddb627
  subpackages:
  - hooks/syslog
- name: github.com/spf13/afero
  version: 9be650865eab0c12963d8753212f4f9c66cdcf12
  subpackages:
  - mem
- name: github.com/spf13/cast
  version: d1139bab1c07d5ad390a65e7305876b3c1a8370b
- name: github.com/spf13/jwalterweatherman
  version: fa7ca7e836cf3a8bb4ebf799f472c12d7e903d66
- name: github.com/spf13/pflag
  version: 9ff6c6923cfffbcd502984b8e0c80539a94968b7
- name: github.com/spf13/viper
  version: 7538d73b4eb9511d85a9f1dfef202eeb8ac260f4
- name: golang.org/x/net
  version: f315505cf3349909cdf013ea56690da34e96a451
  subpackages:
  - context
  - context/ctxhttp
  - idna
  - proxy
- name: golang.org/x/sys
  version: 075e574b89e4c2d22f2286a7e2b919519c6f3547
  subpackages:
  - unix
  - windows
- name: golang.org/x/text
  version: 85c29909967d7f171f821e7a42e7b7af76fb9598
  subpackages:
  - transform
  - unicode/norm
  - width
- name: gopkg.in/go-playground/validator.v8
  version: c193cecd124b5cc722d7ee5538e945bdb3348435
- name: gopkg.in/mgo.v2
  version: 3f83fa5005286a7fe593b055f0d7771a7dce4655
  subpackages:
  - bson
  - internal/json
- name: gopkg.in/yaml.v2
  version: bef53efd0c76e49e6de55ead051f886bea7e9420
testImports: []
